
Microsoft Visual Studio Solution File, Format Version 12.00
# Visual Studio 2012
Project("{FAE04EC0-301F-11D3-BF4B-00C04F79EFBC}") = "VirtualDoorman", "VirtualDoorman\VirtualDoorman.csproj", "{7A8E930A-D3E5-48CB-8656-E97C65AEE714}"
EndProject
Project("{FAE04EC0-301F-11D3-BF4B-00C04F79EFBC}") = "VirtualDoorman.iOS", "iOS\VirtualDoorman.iOS.csproj", "{0C7E0511-3337-4F01-B7CA-A10BF5A06C0C}"
EndProject
Project("{FAE04EC0-301F-11D3-BF4B-00C04F79EFBC}") = "VirtualDoorman.Droid", "Droid\VirtualDoorman.Droid.csproj", "{AFA8FC81-4045-4348-8C8D-9DB18076140A}"
EndProject
Global
	GlobalSection(SolutionConfigurationPlatforms) = preSolution
		Debug|Any CPU = Debug|Any CPU
		Release|Any CPU = Release|Any CPU
		Debug|iPhoneSimulator = Debug|iPhoneSimulator
		Release|iPhone = Release|iPhone
		Release|iPhoneSimulator = Release|iPhoneSimulator
		Debug|iPhone = Debug|iPhone
	EndGlobalSection
	GlobalSection(ProjectConfigurationPlatforms) = postSolution
		{7A8E930A-D3E5-48CB-8656-E97C65AEE714}.Debug|Any CPU.ActiveCfg = Debug|Any CPU
		{7A8E930A-D3E5-48CB-8656-E97C65AEE714}.Debug|Any CPU.Build.0 = Debug|Any CPU
		{7A8E930A-D3E5-48CB-8656-E97C65AEE714}.Release|Any CPU.ActiveCfg = Release|Any CPU
		{7A8E930A-D3E5-48CB-8656-E97C65AEE714}.Release|Any CPU.Build.0 = Release|Any CPU
		{7A8E930A-D3E5-48CB-8656-E97C65AEE714}.Debug|iPhoneSimulator.ActiveCfg = Debug|Any CPU
		{7A8E930A-D3E5-48CB-8656-E97C65AEE714}.Debug|iPhoneSimulator.Build.0 = Debug|Any CPU
		{7A8E930A-D3E5-48CB-8656-E97C65AEE714}.Release|iPhone.ActiveCfg = Release|Any CPU
		{7A8E930A-D3E5-48CB-8656-E97C65AEE714}.Release|iPhone.Build.0 = Release|Any CPU
		{7A8E930A-D3E5-48CB-8656-E97C65AEE714}.Release|iPhoneSimulator.ActiveCfg = Release|Any CPU
		{7A8E930A-D3E5-48CB-8656-E97C65AEE714}.Release|iPhoneSimulator.Build.0 = Release|Any CPU
		{7A8E930A-D3E5-48CB-8656-E97C65AEE714}.Debug|iPhone.ActiveCfg = Debug|Any CPU
		{7A8E930A-D3E5-48CB-8656-E97C65AEE714}.Debug|iPhone.Build.0 = Debug|Any CPU
		{0C7E0511-3337-4F01-B7CA-A10BF5A06C0C}.Debug|Any CPU.ActiveCfg = Debug|iPhoneSimulator
		{0C7E0511-3337-4F01-B7CA-A10BF5A06C0C}.Debug|Any CPU.Build.0 = Debug|iPhoneSimulator
		{0C7E0511-3337-4F01-B7CA-A10BF5A06C0C}.Release|Any CPU.ActiveCfg = Release|iPhone
		{0C7E0511-3337-4F01-B7CA-A10BF5A06C0C}.Release|Any CPU.Build.0 = Release|iPhone
		{0C7E0511-3337-4F01-B7CA-A10BF5A06C0C}.Debug|iPhoneSimulator.ActiveCfg = Debug|iPhoneSimulator
		{0C7E0511-3337-4F01-B7CA-A10BF5A06C0C}.Debug|iPhoneSimulator.Build.0 = Debug|iPhoneSimulator
		{0C7E0511-3337-4F01-B7CA-A10BF5A06C0C}.Release|iPhone.ActiveCfg = Release|iPhone
		{0C7E0511-3337-4F01-B7CA-A10BF5A06C0C}.Release|iPhone.Build.0 = Release|iPhone
		{0C7E0511-3337-4F01-B7CA-A10BF5A06C0C}.Release|iPhoneSimulator.ActiveCfg = Release|iPhoneSimulator
		{0C7E0511-3337-4F01-B7CA-A10BF5A06C0C}.Release|iPhoneSimulator.Build.0 = Release|iPhoneSimulator
		{0C7E0511-3337-4F01-B7CA-A10BF5A06C0C}.Debug|iPhone.ActiveCfg = Debug|iPhone
		{0C7E0511-3337-4F01-B7CA-A10BF5A06C0C}.Debug|iPhone.Build.0 = Debug|iPhone
		{AFA8FC81-4045-4348-8C8D-9DB18076140A}.Debug|Any CPU.ActiveCfg = Debug|Any CPU
		{AFA8FC81-4045-4348-8C8D-9DB18076140A}.Debug|Any CPU.Build.0 = Debug|Any CPU
		{AFA8FC81-4045-4348-8C8D-9DB18076140A}.Release|Any CPU.ActiveCfg = Release|Any CPU
		{AFA8FC81-4045-4348-8C8D-9DB18076140A}.Release|Any CPU.Build.0 = Release|Any CPU
		{AFA8FC81-4045-4348-8C8D-9DB18076140A}.Debug|iPhoneSimulator.ActiveCfg = Debug|Any CPU
		{AFA8FC81-4045-4348-8C8D-9DB18076140A}.Debug|iPhoneSimulator.Build.0 = Debug|Any CPU
		{AFA8FC81-4045-4348-8C8D-9DB18076140A}.Release|iPhone.ActiveCfg = Release|Any CPU
		{AFA8FC81-4045-4348-8C8D-9DB18076140A}.Release|iPhone.Build.0 = Release|Any CPU
		{AFA8FC81-4045-4348-8C8D-9DB18076140A}.Release|iPhoneSimulator.ActiveCfg = Release|Any CPU
		{AFA8FC81-4045-4348-8C8D-9DB18076140A}.Release|iPhoneSimulator.Build.0 = Release|Any CPU
		{AFA8FC81-4045-4348-8C8D-9DB18076140A}.Debug|iPhone.ActiveCfg = Debug|Any CPU
		{AFA8FC81-4045-4348-8C8D-9DB18076140A}.Debug|iPhone.Build.0 = Debug|Any CPU
	EndGlobalSection
EndGlobal
